# This file is autogenerated, do not edit; changes may be undone by the next 'dep ensure'.


[[projects]]
  digest = "1:f60e3c500cda9c16673608ab7ff1773c812db95c33c46e270aef4b02571f0750"
  name = "github.com/gorilla/handlers"
  packages = ["."]
  pruneopts = "UT"
  revision = "350d97a79266938cd77a9192b7d995132d4e2b5b"

[[projects]]
  digest = "1:592ff4fabf4b0ea35080996f312e683ad3e34f7bf4bdd0238770fb79bc926821"
  name = "github.com/gorilla/mux"
  packages = ["."]
  pruneopts = "UT"
  revision = "3d80bc801bb034e17cae38591335b3b1110f1c47"

[solve-meta]
  analyzer-name = "dep"
  analyzer-version = 1
  input-imports = [
    "github.com/gorilla/handlers",
    "github.com/gorilla/mux",
  ]
  solver-name = "gps-cdcl"
  solver-version = 1
